// !$*UTF8*$!
{
	archiveVersion = 1;
	classes = {
	};
	objectVersion = 56;
	objects = {

/* Begin PBXBuildFile section */
		F837FE102A06565B00E98ED9 /* AppDelegate.swift in Sources */ = {isa = PBXBuildFile; fileRef = F837FE0F2A06565B00E98ED9 /* AppDelegate.swift */; };
		F837FE122A06565B00E98ED9 /* SceneDelegate.swift in Sources */ = {isa = PBXBuildFile; fileRef = F837FE112A06565B00E98ED9 /* SceneDelegate.swift */; };
		F837FE142A06565B00E98ED9 /* ViewController.swift in Sources */ = {isa = PBXBuildFile; fileRef = F837FE132A06565B00E98ED9 /* ViewController.swift */; };
		F837FE172A06565B00E98ED9 /* Main.storyboard in Resources */ = {isa = PBXBuildFile; fileRef = F837FE152A06565B00E98ED9 /* Main.storyboard */; };
		F837FE192A06565D00E98ED9 /* Assets.xcassets in Resources */ = {isa = PBXBuildFile; fileRef = F837FE182A06565D00E98ED9 /* Assets.xcassets */; };
		F837FE1C2A06565D00E98ED9 /* LaunchScreen.storyboard in Resources */ = {isa = PBXBuildFile; fileRef = F837FE1A2A06565D00E98ED9 /* LaunchScreen.storyboard */; };
		F837FE252A06577A00E98ED9 /* MovieTableViewCell.swift in Sources */ = {isa = PBXBuildFile; fileRef = F837FE232A06577A00E98ED9 /* MovieTableViewCell.swift */; };
		F837FE262A06577A00E98ED9 /* MovieTableViewCell.xib in Resources */ = {isa = PBXBuildFile; fileRef = F837FE242A06577A00E98ED9 /* MovieTableViewCell.xib */; };
		F8C0EE012A068CC000F1F444 /* MovieModel.swift in Sources */ = {isa = PBXBuildFile; fileRef = F8C0EE002A068CC000F1F444 /* MovieModel.swift */; };
		F8C0EE032A06A21600F1F444 /* ImageDownloader.swift in Sources */ = {isa = PBXBuildFile; fileRef = F8C0EE022A06A21600F1F444 /* ImageDownloader.swift */; };
/* End PBXBuildFile section */

/* Begin PBXFileReference section */
		F837FE0C2A06565B00E98ED9 /* LatihanMengunduhGambar.app */ = {isa = PBXFileReference; explicitFileType = wrapper.application; includeInIndex = 0; path = LatihanMengunduhGambar.app; sourceTree = BUILT_PRODUCTS_DIR; };
		F837FE0F2A06565B00E98ED9 /* AppDelegate.swift */ = {isa = PBXFileReference; lastKnownFileType = sourcecode.swift; path = AppDelegate.swift; sourceTree = "<group>"; };
		F837FE112A06565B00E98ED9 /* SceneDelegate.swift */ = {isa = PBXFileReference; lastKnownFileType = sourcecode.swift; path = SceneDelegate.swift; sourceTree = "<group>"; };
		F837FE132A06565B00E98ED9 /* ViewController.swift */ = {isa = PBXFileReference; lastKnownFileType = sourcecode.swift; path = ViewController.swift; sourceTree = "<group>"; };
		F837FE162A06565B00E98ED9 /* Base */ = {isa = PBXFileReference; lastKnownFileType = file.storyboard; name = Base; path = Base.lproj/Main.storyboard; sourceTree = "<group>"; };
		F837FE182A06565D00E98ED9 /* Assets.xcassets */ = {isa = PBXFileReference; lastKnownFileType = folder.assetcatalog; path = Assets.xcassets; sourceTree = "<group>"; };
		F837FE1B2A06565D00E98ED9 /* Base */ = {isa = PBXFileReference; lastKnownFileType = file.storyboard; name = Base; path = Base.lproj/LaunchScreen.storyboard; sourceTree = "<group>"; };
		F837FE1D2A06565D00E98ED9 /* Info.plist */ = {isa = PBXFileReference; lastKnownFileType = text.plist.xml; path = Info.plist; sourceTree = "<group>"; };
		F837FE232A06577A00E98ED9 /* MovieTableViewCell.swift */ = {isa = PBXFileReference; lastKnownFileType = sourcecode.swift; path = MovieTableViewCell.swift; sourceTree = "<group>"; };
		F837FE242A06577A00E98ED9 /* MovieTableViewCell.xib */ = {isa = PBXFileReference; lastKnownFileType = file.xib; path = MovieTableViewCell.xib; sourceTree = "<group>"; };
		F8C0EE002A068CC000F1F444 /* MovieModel.swift */ = {isa = PBXFileReference; lastKnownFileType = sourcecode.swift; path = MovieModel.swift; sourceTree = "<group>"; };
		F8C0EE022A06A21600F1F444 /* ImageDownloader.swift */ = {isa = PBXFileReference; lastKnownFileType = sourcecode.swift; path = ImageDownloader.swift; sourceTree = "<group>"; };
/* End PBXFileReference section */

/* Begin PBXFrameworksBuildPhase section */
		F837FE092A06565B00E98ED9 /* Frameworks */ = {
			isa = PBXFrameworksBuildPhase;
			buildActionMask = 2147483647;
			files = (
			);
			runOnlyForDeploymentPostprocessing = 0;
		};
/* End PBXFrameworksBuildPhase section */

/* Begin PBXGroup section */
		F837FE032A06565B00E98ED9 = {
			isa = PBXGroup;
			children = (
				F837FE0E2A06565B00E98ED9 /* LatihanMengunduhGambar */,
				F837FE0D2A06565B00E98ED9 /* Products */,
			);
			sourceTree = "<group>";
		};
		F837FE0D2A06565B00E98ED9 /* Products */ = {
			isa = PBXGroup;
			children = (
				F837FE0C2A06565B00E98ED9 /* LatihanMengunduhGambar.app */,
			);
			name = Products;
			sourceTree = "<group>";
		};
		F837FE0E2A06565B00E98ED9 /* LatihanMengunduhGambar */ = {
			isa = PBXGroup;
			children = (
				F8C0EE022A06A21600F1F444 /* ImageDownloader.swift */,
				F8C0EE002A068CC000F1F444 /* MovieModel.swift */,
				F837FE0F2A06565B00E98ED9 /* AppDelegate.swift */,
				F837FE112A06565B00E98ED9 /* SceneDelegate.swift */,
				F837FE132A06565B00E98ED9 /* ViewController.swift */,
				F837FE152A06565B00E98ED9 /* Main.storyboard */,
				F837FE182A06565D00E98ED9 /* Assets.xcassets */,
				F837FE1A2A06565D00E98ED9 /* LaunchScreen.storyboard */,
				F837FE1D2A06565D00E98ED9 /* Info.plist */,
				F837FE232A06577A00E98ED9 /* MovieTableViewCell.swift */,
				F837FE242A06577A00E98ED9 /* MovieTableViewCell.xib */,
			);
			path = LatihanMengunduhGambar;
			sourceTree = "<group>";
		};
/* End PBXGroup section */

/* Begin PBXNativeTarget section */
		F837FE0B2A06565B00E98ED9 /* LatihanMengunduhGambar */ = {
			isa = PBXNativeTarget;
			buildConfigurationList = F837FE202A06565D00E98ED9 /* Build configuration list for PBXNativeTarget "LatihanMengunduhGambar" */;
			buildPhases = (
				F837FE082A06565B00E98ED9 /* Sources */,
				F837FE092A06565B00E98ED9 /* Frameworks */,
				F837FE0A2A06565B00E98ED9 /* Resources */,
			);
			buildRules = (
			);
			dependencies = (
			);
			name = LatihanMengunduhGambar;
			productName = LatihanMengunduhGambar;
			productReference = F837FE0C2A06565B00E98ED9 /* LatihanMengunduhGambar.app */;
			productType = "com.apple.product-type.application";
		};
/* End PBXNativeTarget section */

/* Begin PBXProject section */
		F837FE042A06565B00E98ED9 /* Project object */ = {
			isa = PBXProject;
			attributes = {
				BuildIndependentTargetsInParallel = 1;
				LastSwiftUpdateCheck = 1430;
				LastUpgradeCheck = 1430;
				TargetAttributes = {
					F837FE0B2A06565B00E98ED9 = {
						CreatedOnToolsVersion = 14.3;
					};
				};
			};
			buildConfigurationList = F837FE072A06565B00E98ED9 /* Build configuration list for PBXProject "LatihanMengunduhGambar" */;
			compatibilityVersion = "Xcode 14.0";
			developmentRegion = en;
			hasScannedForEncodings = 0;
			knownRegions = (
				en,
				Base,
			);
			mainGroup = F837FE032A06565B00E98ED9;
			productRefGroup = F837FE0D2A06565B00E98ED9 /* Products */;
			projectDirPath = "";
			projectRoot = "";
			targets = (
				F837FE0B2A06565B00E98ED9 /* LatihanMengunduhGambar */,
			);
		};
/* End PBXProject section */

/* Begin PBXResourcesBuildPhase section */
		F837FE0A2A06565B00E98ED9 /* Resources */ = {
			isa = PBXResourcesBuildPhase;
			buildActionMask = 2147483647;
			files = (
				F837FE1C2A06565D00E98ED9 /* LaunchScreen.storyboard in Resources */,
				F837FE192A06565D00E98ED9 /* Assets.xcassets in Resources */,
				F837FE262A06577A00E98ED9 /* MovieTableViewCell.xib in Resources */,
				F837FE172A06565B00E98ED9 /* Main.storyboard in Resources */,
			);
			runOnlyForDeploymentPostprocessing = 0;
		};
/* End PBXResourcesBuildPhase section */

/* Begin PBXSourcesBuildPhase section */
		F837FE082A06565B00E98ED9 /* Sources */ = {
			isa = PBXSourcesBuildPhase;
			buildActionMask = 2147483647;
			files = (
				F837FE142A06565B00E98ED9 /* ViewController.swift in Sources */,
				F837FE102A06565B00E98ED9 /* AppDelegate.swift in Sources */,
				F8C0EE012A068CC000F1F444 /* MovieModel.swift in Sources */,
				F837FE252A06577A00E98ED9 /* MovieTableViewCell.swift in Sources */,
				F8C0EE032A06A21600F1F444 /* ImageDownloader.swift in Sources */,
				F837FE122A06565B00E98ED9 /* SceneDelegate.swift in Sources */,
			);
			runOnlyForDeploymentPostprocessing = 0;
		};
/* End PBXSourcesBuildPhase section */

/* Begin PBXVariantGroup section */
		F837FE152A06565B00E98ED9 /* Main.storyboard */ = {
			isa = PBXVariantGroup;
			children = (
				F837FE162A06565B00E98ED9 /* Base */,
			);
			name = Main.storyboard;
			sourceTree = "<group>";
		};
		F837FE1A2A06565D00E98ED9 /* LaunchScreen.storyboard */ = {
			isa = PBXVariantGroup;
			children = (
				F837FE1B2A06565D00E98ED9 /* Base */,
			);
			name = LaunchScreen.storyboard;
			sourceTree = "<group>";
		};
/* End PBXVariantGroup section */

/* Begin XCBuildConfiguration section */
		F837FE1E2A06565D00E98ED9 /* Debug */ = {
			isa = XCBuildConfiguration;
			buildSettings = {
				ALWAYS_SEARCH_USER_PATHS = NO;
				CLANG_ANALYZER_NONNULL = YES;
				CLANG_ANALYZER_NUMBER_OBJECT_CONVERSION = YES_AGGRESSIVE;
				CLANG_CXX_LANGUAGE_STANDARD = "gnu++20";
				CLANG_ENABLE_MODULES = YES;
				CLANG_ENABLE_OBJC_ARC = YES;
				CLANG_ENABLE_OBJC_WEAK = YES;
				CLANG_WARN_BLOCK_CAPTURE_AUTORELEASING = YES;
				CLANG_WARN_BOOL_CONVERSION = YES;
				CLANG_WARN_COMMA = YES;
				CLANG_WARN_CONSTANT_CONVERSION = YES;
				CLANG_WARN_DEPRECATED_OBJC_IMPLEMENTATIONS = YES;
				CLANG_WARN_DIRECT_OBJC_ISA_USAGE = YES_ERROR;
				CLANG_WARN_DOCUMENTATION_COMMENTS = YES;
				CLANG_WARN_EMPTY_BODY = YES;
				CLANG_WARN_ENUM_CONVERSION = YES;
				CLANG_WARN_INFINITE_RECURSION = YES;
				CLANG_WARN_INT_CONVERSION = YES;
				CLANG_WARN_NON_LITERAL_NULL_CONVERSION = YES;
				CLANG_WARN_OBJC_IMPLICIT_RETAIN_SELF = YES;
				CLANG_WARN_OBJC_LITERAL_CONVERSION = YES;
				CLANG_WARN_OBJC_ROOT_CLASS = YES_ERROR;
				CLANG_WARN_QUOTED_INCLUDE_IN_FRAMEWORK_HEADER = YES;
				CLANG_WARN_RANGE_LOOP_ANALYSIS = YES;
				CLANG_WARN_STRICT_PROTOTYPES = YES;
				CLANG_WARN_SUSPICIOUS_MOVE = YES;
				CLANG_WARN_UNGUARDED_AVAILABILITY = YES_AGGRESSIVE;
				CLANG_WARN_UNREACHABLE_CODE = YES;
				CLANG_WARN__DUPLICATE_METHOD_MATCH = YES;
				COPY_PHASE_STRIP = NO;
				DEBUG_INFORMATION_FORMAT = dwarf;
				ENABLE_STRICT_OBJC_MSGSEND = YES;
				ENABLE_TESTABILITY = YES;
				GCC_C_LANGUAGE_STANDARD = gnu11;
				GCC_DYNAMIC_NO_PIC = NO;
				GCC_NO_COMMON_BLOCKS = YES;
				GCC_OPTIMIZATION_LEVEL = 0;
				GCC_PREPROCESSOR_DEFINITIONS = (
					"DEBUG=1",
					"$(inherited)",
				);
				GCC_WARN_64_TO_32_BIT_CONVERSION = YES;
				GCC_WARN_ABOUT_RETURN_TYPE = YES_ERROR;
				GCC_WARN_UNDECLARED_SELECTOR = YES;
				GCC_WARN_UNINITIALIZED_AUTOS = YES_AGGRESSIVE;
				GCC_WARN_UNUSED_FUNCTION = YES;
				GCC_WARN_UNUSED_VARIABLE = YES;
				IPHONEOS_DEPLOYMENT_TARGET = 16.4;
				MTL_ENABLE_DEBUG_INFO = INCLUDE_SOURCE;
				MTL_FAST_MATH = YES;
				ONLY_ACTIVE_ARCH = YES;
				SDKROOT = iphoneos;
				SWIFT_ACTIVE_COMPILATION_CONDITIONS = DEBUG;
				SWIFT_OPTIMIZATION_LEVEL = "-Onone";
			};
			name = Debug;
		};
		F837FE1F2A06565D00E98ED9 /* Release */ = {
			isa = XCBuildConfiguration;
			buildSettings = {
				ALWAYS_SEARCH_USER_PATHS = NO;
				CLANG_ANALYZER_NONNULL = YES;
				CLANG_ANALYZER_NUMBER_OBJECT_CONVERSION = YES_AGGRESSIVE;
				CLANG_CXX_LANGUAGE_STANDARD = "gnu++20";
				CLANG_ENABLE_MODULES = YES;
				CLANG_ENABLE_OBJC_ARC = YES;
				CLANG_ENABLE_OBJC_WEAK = YES;
				CLANG_WARN_BLOCK_CAPTURE_AUTORELEASING = YES;
				CLANG_WARN_BOOL_CONVERSION = YES;
				CLANG_WARN_COMMA = YES;
				CLANG_WARN_CONSTANT_CONVERSION = YES;
				CLANG_WARN_DEPRECATED_OBJC_IMPLEMENTATIONS = YES;
				CLANG_WARN_DIRECT_OBJC_ISA_USAGE = YES_ERROR;
				CLANG_WARN_DOCUMENTATION_COMMENTS = YES;
				CLANG_WARN_EMPTY_BODY = YES;
				CLANG_WARN_ENUM_CONVERSION = YES;
				CLANG_WARN_INFINITE_RECURSION = YES;
				CLANG_WARN_INT_CONVERSION = YES;
				CLANG_WARN_NON_LITERAL_NULL_CONVERSION = YES;
				CLANG_WARN_OBJC_IMPLICIT_RETAIN_SELF = YES;
				CLANG_WARN_OBJC_LITERAL_CONVERSION = YES;
				CLANG_WARN_OBJC_ROOT_CLASS = YES_ERROR;
				CLANG_WARN_QUOTED_INCLUDE_IN_FRAMEWORK_HEADER = YES;
				CLANG_WARN_RANGE_LOOP_ANALYSIS = YES;
				CLANG_WARN_STRICT_PROTOTYPES = YES;
				CLANG_WARN_SUSPICIOUS_MOVE = YES;
				CLANG_WARN_UNGUARDED_AVAILABILITY = YES_AGGRESSIVE;
				CLANG_WARN_UNREACHABLE_CODE = YES;
				CLANG_WARN__DUPLICATE_METHOD_MATCH = YES;
				COPY_PHASE_STRIP = NO;
				DEBUG_INFORMATION_FORMAT = "dwarf-with-dsym";
				ENABLE_NS_ASSERTIONS = NO;
				ENABLE_STRICT_OBJC_MSGSEND = YES;
				GCC_C_LANGUAGE_STANDARD = gnu11;
				GCC_NO_COMMON_BLOCKS = YES;
				GCC_WARN_64_TO_32_BIT_CONVERSION = YES;
				GCC_WARN_ABOUT_RETURN_TYPE = YES_ERROR;
				GCC_WARN_UNDECLARED_SELECTOR = YES;
				GCC_WARN_UNINITIALIZED_AUTOS = YES_AGGRESSIVE;
				GCC_WARN_UNUSED_FUNCTION = YES;
				GCC_WARN_UNUSED_VARIABLE = YES;
				IPHONEOS_DEPLOYMENT_TARGET = 16.4;
				MTL_ENABLE_DEBUG_INFO = NO;
				MTL_FAST_MATH = YES;
				SDKROOT = iphoneos;
				SWIFT_COMPILATION_MODE = wholemodule;
				SWIFT_OPTIMIZATION_LEVEL = "-O";
				VALIDATE_PRODUCT = YES;
			};
			name = Release;
		};
		F837FE212A06565D00E98ED9 /* Debug */ = {
			isa = XCBuildConfiguration;
			buildSettings = {
				ASSETCATALOG_COMPILER_APPICON_NAME = AppIcon;
				ASSETCATALOG_COMPILER_GLOBAL_ACCENT_COLOR_NAME = AccentColor;
				CODE_SIGN_STYLE = Automatic;
				CURRENT_PROJECT_VERSION = 1;
				DEVELOPMENT_TEAM = JT2XGV66KF;
				GENERATE_INFOPLIST_FILE = YES;
				INFOPLIST_FILE = LatihanMengunduhGambar/Info.plist;
				INFOPLIST_KEY_UIApplicationSupportsIndirectInputEvents = YES;
				INFOPLIST_KEY_UILaunchStoryboardName = LaunchScreen;
				INFOPLIST_KEY_UIMainStoryboardFile = Main;
				INFOPLIST_KEY_UISupportedInterfaceOrientations_iPad = "UIInterfaceOrientationPortrait UIInterfaceOrientationPortraitUpsideDown UIInterfaceOrientationLandscapeLeft UIInterfaceOrientationLandscapeRight";
				INFOPLIST_KEY_UISupportedInterfaceOrientations_iPhone = "UIInterfaceOrientationPortrait UIInterfaceOrientationLandscapeLeft UIInterfaceOrientationLandscapeRight";
				LD_RUNPATH_SEARCH_PATHS = (
					"$(inherited)",
					"@executable_path/Frameworks",
				);
				MARKETING_VERSION = 1.0;
				PRODUCT_BUNDLE_IDENTIFIER = ariqhikari.LatihanMengunduhGambar;
				PRODUCT_NAME = "$(TARGET_NAME)";
				SWIFT_EMIT_LOC_STRINGS = YES;
				SWIFT_VERSION = 5.0;
				TARGETED_DEVICE_FAMILY = "1,2";
			};
			name = Debug;
		};
		F837FE222A06565D00E98ED9 /* Release */ = {
			isa = XCBuildConfiguration;
			buildSettings = {
				ASSETCATALOG_COMPILER_APPICON_NAME = AppIcon;
				ASSETCATALOG_COMPILER_GLOBAL_ACCENT_COLOR_NAME = AccentColor;
				CODE_SIGN_STYLE = Automatic;
				CURRENT_PROJECT_VERSION = 1;
				DEVELOPMENT_TEAM = JT2XGV66KF;
				GENERATE_INFOPLIST_FILE = YES;
				INFOPLIST_FILE = LatihanMengunduhGambar/Info.plist;
				INFOPLIST_KEY_UIApplicationSupportsIndirectInputEvents = YES;
				INFOPLIST_KEY_UILaunchStoryboardName = LaunchScreen;
				INFOPLIST_KEY_UIMainStoryboardFile = Main;
				INFOPLIST_KEY_UISupportedInterfaceOrientations_iPad = "UIInterfaceOrientationPortrait UIInterfaceOrientationPortraitUpsideDown UIInterfaceOrientationLandscapeLeft UIInterfaceOrientationLandscapeRight";
				INFOPLIST_KEY_UISupportedInterfaceOrientations_iPhone = "UIInterfaceOrientationPortrait UIInterfaceOrientationLandscapeLeft UIInterfaceOrientationLandscapeRight";
				LD_RUNPATH_SEARCH_PATHS = (
					"$(inherited)",
					"@executable_path/Frameworks",
				);
				MARKETING_VERSION = 1.0;
				PRODUCT_BUNDLE_IDENTIFIER = ariqhikari.LatihanMengunduhGambar;
				PRODUCT_NAME = "$(TARGET_NAME)";
				SWIFT_EMIT_LOC_STRINGS = YES;
				SWIFT_VERSION = 5.0;
				TARGETED_DEVICE_FAMILY = "1,2";
			};
			name = Release;
		};
/* End XCBuildConfiguration section */

/* Begin XCConfigurationList section */
		F837FE072A06565B00E98ED9 /* Build configuration list for PBXProject "LatihanMengunduhGambar" */ = {
			isa = XCConfigurationList;
			buildConfigurations = (
				F837FE1E2A06565D00E98ED9 /* Debug */,
				F837FE1F2A06565D00E98ED9 /* Release */,
			);
			defaultConfigurationIsVisible = 0;
			defaultConfigurationName = Release;
		};
		F837FE202A06565D00E98ED9 /* Build configuration list for PBXNativeTarget "LatihanMengunduhGambar" */ = {
			isa = XCConfigurationList;
			buildConfigurations = (
				F837FE212A06565D00E98ED9 /* Debug */,
				F837FE222A06565D00E98ED9 /* Release */,
			);
			defaultConfigurationIsVisible = 0;
			defaultConfigurationName = Release;
		};
/* End XCConfigurationList section */
	};
	rootObject = F837FE042A06565B00E98ED9 /* Project object */;
}
